
Microsoft Visual Studio Solution File, Format Version 12.00
# Visual Studio Version 17
VisualStudioVersion = 17.0.31903.59
MinimumVisualStudioVersion = 10.0.40219.1
Project("{FAE04EC0-301F-11D3-BF4B-00C04F79EFBC}") = "GateSim", "GateSim\GateSim.csproj", "{EAADCBC1-695B-4116-B7EC-D952977CE660}"
EndProject
Project("{FAE04EC0-301F-11D3-BF4B-00C04F79EFBC}") = "Tests", "Tests\Tests.csproj", "{B829B634-F3EC-43FA-B427-4929B670F8E3}"
EndProject
Global
	GlobalSection(SolutionConfigurationPlatforms) = preSolution
		Debug|Any CPU = Debug|Any CPU
		Release|Any CPU = Release|Any CPU
	EndGlobalSection
	GlobalSection(SolutionProperties) = preSolution
		HideSolutionNode = FALSE
	EndGlobalSection
	GlobalSection(ProjectConfigurationPlatforms) = postSolution
		{EAADCBC1-695B-4116-B7EC-D952977CE660}.Debug|Any CPU.ActiveCfg = Debug|Any CPU
		{EAADCBC1-695B-4116-B7EC-D952977CE660}.Debug|Any CPU.Build.0 = Debug|Any CPU
		{EAADCBC1-695B-4116-B7EC-D952977CE660}.Release|Any CPU.ActiveCfg = Release|Any CPU
		{EAADCBC1-695B-4116-B7EC-D952977CE660}.Release|Any CPU.Build.0 = Release|Any CPU
		{B829B634-F3EC-43FA-B427-4929B670F8E3}.Debug|Any CPU.ActiveCfg = Debug|Any CPU
		{B829B634-F3EC-43FA-B427-4929B670F8E3}.Debug|Any CPU.Build.0 = Debug|Any CPU
		{B829B634-F3EC-43FA-B427-4929B670F8E3}.Release|Any CPU.ActiveCfg = Release|Any CPU
		{B829B634-F3EC-43FA-B427-4929B670F8E3}.Release|Any CPU.Build.0 = Release|Any CPU
	EndGlobalSection
EndGlobal
